// !$*UTF8*$!
{
	archiveVersion = 1;
	classes = {
	};
	objectVersion = 46;
	objects = {

/* Begin PBXBuildFile section */
		9FF0EA7A1EDFA34A003EE4F6 /* main.m in Sources */ = {isa = PBXBuildFile; fileRef = 9FF0EA791EDFA34A003EE4F6 /* main.m */; };
		9FF0EA7D1EDFA34A003EE4F6 /* AppDelegate.m in Sources */ = {isa = PBXBuildFile; fileRef = 9FF0EA7C1EDFA34A003EE4F6 /* AppDelegate.m */; };
		9FF0EA7F1EDFA34A003EE4F6 /* Assets.xcassets in Resources */ = {isa = PBXBuildFile; fileRef = 9FF0EA7E1EDFA34A003EE4F6 /* Assets.xcassets */; };
		9FF0EA821EDFA34A003EE4F6 /* LaunchScreen.storyboard in Resources */ = {isa = PBXBuildFile; fileRef = 9FF0EA801EDFA34A003EE4F6 /* LaunchScreen.storyboard */; };
		9FF0EA8D1EDFA34A003EE4F6 /* PandaTests.m in Sources */ = {isa = PBXBuildFile; fileRef = 9FF0EA8C1EDFA34A003EE4F6 /* PandaTests.m */; };
		9FF0EA981EDFA34A003EE4F6 /* PandaUITests.m in Sources */ = {isa = PBXBuildFile; fileRef = 9FF0EA971EDFA34A003EE4F6 /* PandaUITests.m */; };
		9FF0EAAD1EDFB1EC003EE4F6 /* MAMapKit.framework in Frameworks */ = {isa = PBXBuildFile; fileRef = 9FF0EAAC1EDFB1EC003EE4F6 /* MAMapKit.framework */; };
		9FF0EAAF1EDFB1F0003EE4F6 /* AMapFoundationKit.framework in Frameworks */ = {isa = PBXBuildFile; fileRef = 9FF0EAAE1EDFB1F0003EE4F6 /* AMapFoundationKit.framework */; };
		9FF0EAB11EDFB1F5003EE4F6 /* AMapSearchKit.framework in Frameworks */ = {isa = PBXBuildFile; fileRef = 9FF0EAB01EDFB1F5003EE4F6 /* AMapSearchKit.framework */; };
		9FF0EAB51EDFB416003EE4F6 /* AMap.bundle in Resources */ = {isa = PBXBuildFile; fileRef = 9FF0EAB41EDFB416003EE4F6 /* AMap.bundle */; };
		9FF0EAB81EDFB43A003EE4F6 /* OpenGLES.framework in Frameworks */ = {isa = PBXBuildFile; fileRef = 9FF0EAB71EDFB43A003EE4F6 /* OpenGLES.framework */; };
		9FF0EABA1EDFB443003EE4F6 /* UIKit.framework in Frameworks */ = {isa = PBXBuildFile; fileRef = 9FF0EAB91EDFB443003EE4F6 /* UIKit.framework */; };
		9FF0EABC1EDFB44F003EE4F6 /* Foundation.framework in Frameworks */ = {isa = PBXBuildFile; fileRef = 9FF0EABB1EDFB44F003EE4F6 /* Foundation.framework */; };
		9FF0EABE1EDFB458003EE4F6 /* CoreGraphics.framework in Frameworks */ = {isa = PBXBuildFile; fileRef = 9FF0EABD1EDFB458003EE4F6 /* CoreGraphics.framework */; };
		9FF0EAC01EDFB46D003EE4F6 /* QuartzCore.framework in Frameworks */ = {isa = PBXBuildFile; fileRef = 9FF0EABF1EDFB46D003EE4F6 /* QuartzCore.framework */; };
		9FF0EAC21EDFB479003EE4F6 /* CoreLocation.framework in Frameworks */ = {isa = PBXBuildFile; fileRef = 9FF0EAC11EDFB479003EE4F6 /* CoreLocation.framework */; };
		9FF0EAC41EDFB485003EE4F6 /* CoreTelephony.framework in Frameworks */ = {isa = PBXBuildFile; fileRef = 9FF0EAC31EDFB485003EE4F6 /* CoreTelephony.framework */; };
		9FF0EAC61EDFB48E003EE4F6 /* SystemConfiguration.framework in Frameworks */ = {isa = PBXBuildFile; fileRef = 9FF0EAC51EDFB48E003EE4F6 /* SystemConfiguration.framework */; };
		9FF0EAC81EDFB496003EE4F6 /* Security.framework in Frameworks */ = {isa = PBXBuildFile; fileRef = 9FF0EAC71EDFB496003EE4F6 /* Security.framework */; };
		9FF0EACA1EDFB4A0003EE4F6 /* AdSupport.framework in Frameworks */ = {isa = PBXBuildFile; fileRef = 9FF0EAC91EDFB4A0003EE4F6 /* AdSupport.framework */; };
		9FF0EACC1EDFB4A9003EE4F6 /* JavaScriptCore.framework in Frameworks */ = {isa = PBXBuildFile; fileRef = 9FF0EACB1EDFB4A9003EE4F6 /* JavaScriptCore.framework */; };
		9FF0EACE1EDFB4BA003EE4F6 /* GLKit.framework in Frameworks */ = {isa = PBXBuildFile; fileRef = 9FF0EACD1EDFB4BA003EE4F6 /* GLKit.framework */; };
		9FF0EAD01EDFB4C2003EE4F6 /* libz.tbd in Frameworks */ = {isa = PBXBuildFile; fileRef = 9FF0EACF1EDFB4C2003EE4F6 /* libz.tbd */; };
		9FF0EAD21EDFB4D0003EE4F6 /* libstdc++.6.0.9.tbd in Frameworks */ = {isa = PBXBuildFile; fileRef = 9FF0EAD11EDFB4D0003EE4F6 /* libstdc++.6.0.9.tbd */; };
		9FF0EAD41EDFB4D9003EE4F6 /* libc++.tbd in Frameworks */ = {isa = PBXBuildFile; fileRef = 9FF0EAD31EDFB4D9003EE4F6 /* libc++.tbd */; };
		9FF0EAD61EDFB5B5003EE4F6 /* AMapLocationKit.framework in Frameworks */ = {isa = PBXBuildFile; fileRef = 9FF0EAD51EDFB5B5003EE4F6 /* AMapLocationKit.framework */; };
		9FF0EAD81EDFB62F003EE4F6 /* AMapNaviKit.framework in Frameworks */ = {isa = PBXBuildFile; fileRef = 9FF0EAD71EDFB62F003EE4F6 /* AMapNaviKit.framework */; };
		9FF0EADA1EDFB66C003EE4F6 /* AMapNavi.bundle in Resources */ = {isa = PBXBuildFile; fileRef = 9FF0EAD91EDFB66C003EE4F6 /* AMapNavi.bundle */; };
/* End PBXBuildFile section */

/* Begin PBXContainerItemProxy section */
		9FF0EA891EDFA34A003EE4F6 /* PBXContainerItemProxy */ = {
			isa = PBXContainerItemProxy;
			containerPortal = 9FF0EA6D1EDFA34A003EE4F6 /* Project object */;
			proxyType = 1;
			remoteGlobalIDString = 9FF0EA741EDFA34A003EE4F6;
			remoteInfo = Panda;
		};
		9FF0EA941EDFA34A003EE4F6 /* PBXContainerItemProxy */ = {
			isa = PBXContainerItemProxy;
			containerPortal = 9FF0EA6D1EDFA34A003EE4F6 /* Project object */;
			proxyType = 1;
			remoteGlobalIDString = 9FF0EA741EDFA34A003EE4F6;
			remoteInfo = Panda;
		};
/* End PBXContainerItemProxy section */

/* Begin PBXFileReference section */
		9FF0EA751EDFA34A003EE4F6 /* Panda.app */ = {isa = PBXFileReference; explicitFileType = wrapper.application; includeInIndex = 0; path = Panda.app; sourceTree = BUILT_PRODUCTS_DIR; };
		9FF0EA791EDFA34A003EE4F6 /* main.m */ = {isa = PBXFileReference; lastKnownFileType = sourcecode.c.objc; path = main.m; sourceTree = "<group>"; };
		9FF0EA7B1EDFA34A003EE4F6 /* AppDelegate.h */ = {isa = PBXFileReference; lastKnownFileType = sourcecode.c.h; name = AppDelegate.h; path = Panda/AppDelegate.h; sourceTree = SOURCE_ROOT; };
		9FF0EA7C1EDFA34A003EE4F6 /* AppDelegate.m */ = {isa = PBXFileReference; lastKnownFileType = sourcecode.c.objc; name = AppDelegate.m; path = Panda/AppDelegate.m; sourceTree = SOURCE_ROOT; };
		9FF0EA7E1EDFA34A003EE4F6 /* Assets.xcassets */ = {isa = PBXFileReference; lastKnownFileType = folder.assetcatalog; path = Assets.xcassets; sourceTree = "<group>"; };
		9FF0EA811EDFA34A003EE4F6 /* Base */ = {isa = PBXFileReference; lastKnownFileType = file.storyboard; name = Base; path = Base.lproj/LaunchScreen.storyboard; sourceTree = "<group>"; };
		9FF0EA831EDFA34A003EE4F6 /* Info.plist */ = {isa = PBXFileReference; lastKnownFileType = text.plist.xml; path = Info.plist; sourceTree = "<group>"; };
		9FF0EA881EDFA34A003EE4F6 /* PandaTests.xctest */ = {isa = PBXFileReference; explicitFileType = wrapper.cfbundle; includeInIndex = 0; path = PandaTests.xctest; sourceTree = BUILT_PRODUCTS_DIR; };
		9FF0EA8C1EDFA34A003EE4F6 /* PandaTests.m */ = {isa = PBXFileReference; lastKnownFileType = sourcecode.c.objc; path = PandaTests.m; sourceTree = "<group>"; };
		9FF0EA8E1EDFA34A003EE4F6 /* Info.plist */ = {isa = PBXFileReference; lastKnownFileType = text.plist.xml; path = Info.plist; sourceTree = "<group>"; };
		9FF0EA931EDFA34A003EE4F6 /* PandaUITests.xctest */ = {isa = PBXFileReference; explicitFileType = wrapper.cfbundle; includeInIndex = 0; path = PandaUITests.xctest; sourceTree = BUILT_PRODUCTS_DIR; };
		9FF0EA971EDFA34A003EE4F6 /* PandaUITests.m */ = {isa = PBXFileReference; lastKnownFileType = sourcecode.c.objc; path = PandaUITests.m; sourceTree = "<group>"; };
		9FF0EA991EDFA34A003EE4F6 /* Info.plist */ = {isa = PBXFileReference; lastKnownFileType = text.plist.xml; path = Info.plist; sourceTree = "<group>"; };
		9FF0EAAC1EDFB1EC003EE4F6 /* MAMapKit.framework */ = {isa = PBXFileReference; lastKnownFileType = wrapper.framework; path = MAMapKit.framework; sourceTree = "<group>"; };
		9FF0EAAE1EDFB1F0003EE4F6 /* AMapFoundationKit.framework */ = {isa = PBXFileReference; lastKnownFileType = wrapper.framework; path = AMapFoundationKit.framework; sourceTree = "<group>"; };
		9FF0EAB01EDFB1F5003EE4F6 /* AMapSearchKit.framework */ = {isa = PBXFileReference; lastKnownFileType = wrapper.framework; path = AMapSearchKit.framework; sourceTree = "<group>"; };
		9FF0EAB41EDFB416003EE4F6 /* AMap.bundle */ = {isa = PBXFileReference; lastKnownFileType = "wrapper.plug-in"; name = AMap.bundle; path = Panda/Frameworks/MAMapKit.framework/AMap.bundle; sourceTree = "<group>"; };
		9FF0EAB71EDFB43A003EE4F6 /* OpenGLES.framework */ = {isa = PBXFileReference; lastKnownFileType = wrapper.framework; name = OpenGLES.framework; path = System/Library/Frameworks/OpenGLES.framework; sourceTree = SDKROOT; };
		9FF0EAB91EDFB443003EE4F6 /* UIKit.framework */ = {isa = PBXFileReference; lastKnownFileType = wrapper.framework; name = UIKit.framework; path = System/Library/Frameworks/UIKit.framework; sourceTree = SDKROOT; };
		9FF0EABB1EDFB44F003EE4F6 /* Foundation.framework */ = {isa = PBXFileReference; lastKnownFileType = wrapper.framework; name = Foundation.framework; path = System/Library/Frameworks/Foundation.framework; sourceTree = SDKROOT; };
		9FF0EABD1EDFB458003EE4F6 /* CoreGraphics.framework */ = {isa = PBXFileReference; lastKnownFileType = wrapper.framework; name = CoreGraphics.framework; path = System/Library/Frameworks/CoreGraphics.framework; sourceTree = SDKROOT; };
		9FF0EABF1EDFB46D003EE4F6 /* QuartzCore.framework */ = {isa = PBXFileReference; lastKnownFileType = wrapper.framework; name = QuartzCore.framework; path = System/Library/Frameworks/QuartzCore.framework; sourceTree = SDKROOT; };
		9FF0EAC11EDFB479003EE4F6 /* CoreLocation.framework */ = {isa = PBXFileReference; lastKnownFileType = wrapper.framework; name = CoreLocation.framework; path = System/Library/Frameworks/CoreLocation.framework; sourceTree = SDKROOT; };
		9FF0EAC31EDFB485003EE4F6 /* CoreTelephony.framework */ = {isa = PBXFileReference; lastKnownFileType = wrapper.framework; name = CoreTelephony.framework; path = System/Library/Frameworks/CoreTelephony.framework; sourceTree = SDKROOT; };
		9FF0EAC51EDFB48E003EE4F6 /* SystemConfiguration.framework */ = {isa = PBXFileReference; lastKnownFileType = wrapper.framework; name = SystemConfiguration.framework; path = System/Library/Frameworks/SystemConfiguration.framework; sourceTree = SDKROOT; };
		9FF0EAC71EDFB496003EE4F6 /* Security.framework */ = {isa = PBXFileReference; lastKnownFileType = wrapper.framework; name = Security.framework; path = System/Library/Frameworks/Security.framework; sourceTree = SDKROOT; };
		9FF0EAC91EDFB4A0003EE4F6 /* AdSupport.framework */ = {isa = PBXFileReference; lastKnownFileType = wrapper.framework; name = AdSupport.framework; path = System/Library/Frameworks/AdSupport.framework; sourceTree = SDKROOT; };
		9FF0EACB1EDFB4A9003EE4F6 /* JavaScriptCore.framework */ = {isa = PBXFileReference; lastKnownFileType = wrapper.framework; name = JavaScriptCore.framework; path = System/Library/Frameworks/JavaScriptCore.framework; sourceTree = SDKROOT; };
		9FF0EACD1EDFB4BA003EE4F6 /* GLKit.framework */ = {isa = PBXFileReference; lastKnownFileType = wrapper.framework; name = GLKit.framework; path = System/Library/Frameworks/GLKit.framework; sourceTree = SDKROOT; };
		9FF0EACF1EDFB4C2003EE4F6 /* libz.tbd */ = {isa = PBXFileReference; lastKnownFileType = "sourcecode.text-based-dylib-definition"; name = libz.tbd; path = usr/lib/libz.tbd; sourceTree = SDKROOT; };
		9FF0EAD11EDFB4D0003EE4F6 /* libstdc++.6.0.9.tbd */ = {isa = PBXFileReference; lastKnownFileType = "sourcecode.text-based-dylib-definition"; name = "libstdc++.6.0.9.tbd"; path = "usr/lib/libstdc++.6.0.9.tbd"; sourceTree = SDKROOT; };
		9FF0EAD31EDFB4D9003EE4F6 /* libc++.tbd */ = {isa = PBXFileReference; lastKnownFileType = "sourcecode.text-based-dylib-definition"; name = "libc++.tbd"; path = "usr/lib/libc++.tbd"; sourceTree = SDKROOT; };
		9FF0EAD51EDFB5B5003EE4F6 /* AMapLocationKit.framework */ = {isa = PBXFileReference; lastKnownFileType = wrapper.framework; path = AMapLocationKit.framework; sourceTree = "<group>"; };
		9FF0EAD71EDFB62F003EE4F6 /* AMapNaviKit.framework */ = {isa = PBXFileReference; lastKnownFileType = wrapper.framework; path = AMapNaviKit.framework; sourceTree = "<group>"; };
		9FF0EAD91EDFB66C003EE4F6 /* AMapNavi.bundle */ = {isa = PBXFileReference; lastKnownFileType = "wrapper.plug-in"; name = AMapNavi.bundle; path = Panda/Frameworks/AMapNaviKit.framework/AMapNavi.bundle; sourceTree = "<group>"; };
/* End PBXFileReference section */

/* Begin PBXFrameworksBuildPhase section */
		9FF0EA721EDFA34A003EE4F6 /* Frameworks */ = {
			isa = PBXFrameworksBuildPhase;
			buildActionMask = 2147483647;
			files = (
				9FF0EAD41EDFB4D9003EE4F6 /* libc++.tbd in Frameworks */,
				9FF0EAD21EDFB4D0003EE4F6 /* libstdc++.6.0.9.tbd in Frameworks */,
				9FF0EAD01EDFB4C2003EE4F6 /* libz.tbd in Frameworks */,
				9FF0EACE1EDFB4BA003EE4F6 /* GLKit.framework in Frameworks */,
				9FF0EACC1EDFB4A9003EE4F6 /* JavaScriptCore.framework in Frameworks */,
				9FF0EACA1EDFB4A0003EE4F6 /* AdSupport.framework in Frameworks */,
				9FF0EAC81EDFB496003EE4F6 /* Security.framework in Frameworks */,
				9FF0EAC61EDFB48E003EE4F6 /* SystemConfiguration.framework in Frameworks */,
				9FF0EAC41EDFB485003EE4F6 /* CoreTelephony.framework in Frameworks */,
				9FF0EAC21EDFB479003EE4F6 /* CoreLocation.framework in Frameworks */,
				9FF0EAD81EDFB62F003EE4F6 /* AMapNaviKit.framework in Frameworks */,
				9FF0EAC01EDFB46D003EE4F6 /* QuartzCore.framework in Frameworks */,
				9FF0EABE1EDFB458003EE4F6 /* CoreGraphics.framework in Frameworks */,
				9FF0EABC1EDFB44F003EE4F6 /* Foundation.framework in Frameworks */,
				9FF0EABA1EDFB443003EE4F6 /* UIKit.framework in Frameworks */,
				9FF0EAB81EDFB43A003EE4F6 /* OpenGLES.framework in Frameworks */,
				9FF0EAAD1EDFB1EC003EE4F6 /* MAMapKit.framework in Frameworks */,
				9FF0EAAF1EDFB1F0003EE4F6 /* AMapFoundationKit.framework in Frameworks */,
				9FF0EAD61EDFB5B5003EE4F6 /* AMapLocationKit.framework in Frameworks */,
				9FF0EAB11EDFB1F5003EE4F6 /* AMapSearchKit.framework in Frameworks */,
			);
			runOnlyForDeploymentPostprocessing = 0;
		};
		9FF0EA851EDFA34A003EE4F6 /* Frameworks */ = {
			isa = PBXFrameworksBuildPhase;
			buildActionMask = 2147483647;
			files = (
			);
			runOnlyForDeploymentPostprocessing = 0;
		};
		9FF0EA901EDFA34A003EE4F6 /* Frameworks */ = {
			isa = PBXFrameworksBuildPhase;
			buildActionMask = 2147483647;
			files = (
			);
			runOnlyForDeploymentPostprocessing = 0;
		};
/* End PBXFrameworksBuildPhase section */

/* Begin PBXGroup section */
		9FF0EA6C1EDFA34A003EE4F6 = {
			isa = PBXGroup;
			children = (
				9FF0EAD91EDFB66C003EE4F6 /* AMapNavi.bundle */,
				9FF0EAB41EDFB416003EE4F6 /* AMap.bundle */,
				9FF0EA771EDFA34A003EE4F6 /* Panda */,
				9FF0EA8B1EDFA34A003EE4F6 /* PandaTests */,
				9FF0EA961EDFA34A003EE4F6 /* PandaUITests */,
				9FF0EA761EDFA34A003EE4F6 /* Products */,
				9FF0EAB61EDFB43A003EE4F6 /* Frameworks */,
			);
			sourceTree = "<group>";
		};
		9FF0EA761EDFA34A003EE4F6 /* Products */ = {
			isa = PBXGroup;
			children = (
				9FF0EA751EDFA34A003EE4F6 /* Panda.app */,
				9FF0EA881EDFA34A003EE4F6 /* PandaTests.xctest */,
				9FF0EA931EDFA34A003EE4F6 /* PandaUITests.xctest */,
			);
			name = Products;
			sourceTree = "<group>";
		};
		9FF0EA771EDFA34A003EE4F6 /* Panda */ = {
			isa = PBXGroup;
			children = (
				9FF0EAA61EDFA375003EE4F6 /* Frameworks */,
				9FF0EAA51EDFA375003EE4F6 /* AppDelegate */,
				9FF0EAA71EDFA375003EE4F6 /* Generals */,
				9FF0EAA81EDFA375003EE4F6 /* Helpers */,
				9FF0EAA91EDFA375003EE4F6 /* Resource */,
				9FF0EAAA1EDFA375003EE4F6 /* Sections */,
				9FF0EAAB1EDFA375003EE4F6 /* Vendors */,
				9FF0EA7E1EDFA34A003EE4F6 /* Assets.xcassets */,
				9FF0EA801EDFA34A003EE4F6 /* LaunchScreen.storyboard */,
				9FF0EA831EDFA34A003EE4F6 /* Info.plist */,
				9FF0EA781EDFA34A003EE4F6 /* Supporting Files */,
			);
			path = Panda;
			sourceTree = "<group>";
		};
		9FF0EA781EDFA34A003EE4F6 /* Supporting Files */ = {
			isa = PBXGroup;
			children = (
				9FF0EA791EDFA34A003EE4F6 /* main.m */,
			);
			name = "Supporting Files";
			sourceTree = "<group>";
		};
		9FF0EA8B1EDFA34A003EE4F6 /* PandaTests */ = {
			isa = PBXGroup;
			children = (
				9FF0EA8C1EDFA34A003EE4F6 /* PandaTests.m */,
				9FF0EA8E1EDFA34A003EE4F6 /* Info.plist */,
			);
			path = PandaTests;
			sourceTree = "<group>";
		};
		9FF0EA961EDFA34A003EE4F6 /* PandaUITests */ = {
			isa = PBXGroup;
			children = (
				9FF0EA971EDFA34A003EE4F6 /* PandaUITests.m */,
				9FF0EA991EDFA34A003EE4F6 /* Info.plist */,
			);
			path = PandaUITests;
			sourceTree = "<group>";
		};
		9FF0EAA51EDFA375003EE4F6 /* AppDelegate */ = {
			isa = PBXGroup;
			children = (
				9FF0EA7B1EDFA34A003EE4F6 /* AppDelegate.h */,
				9FF0EA7C1EDFA34A003EE4F6 /* AppDelegate.m */,
			);
			path = AppDelegate;
			sourceTree = "<group>";
		};
		9FF0EAA61EDFA375003EE4F6 /* Frameworks */ = {
			isa = PBXGroup;
			children = (
				9FF0EAD71EDFB62F003EE4F6 /* AMapNaviKit.framework */,
				9FF0EAD51EDFB5B5003EE4F6 /* AMapLocationKit.framework */,
				9FF0EAB01EDFB1F5003EE4F6 /* AMapSearchKit.framework */,
				9FF0EAAE1EDFB1F0003EE4F6 /* AMapFoundationKit.framework */,
				9FF0EAAC1EDFB1EC003EE4F6 /* MAMapKit.framework */,
			);
			path = Frameworks;
			sourceTree = "<group>";
		};
		9FF0EAA71EDFA375003EE4F6 /* Generals */ = {
			isa = PBXGroup;
			children = (
			);
			path = Generals;
			sourceTree = "<group>";
		};
		9FF0EAA81EDFA375003EE4F6 /* Helpers */ = {
			isa = PBXGroup;
			children = (
			);
			path = Helpers;
			sourceTree = "<group>";
		};
		9FF0EAA91EDFA375003EE4F6 /* Resource */ = {
			isa = PBXGroup;
			children = (
			);
			path = Resource;
			sourceTree = "<group>";
		};
		9FF0EAAA1EDFA375003EE4F6 /* Sections */ = {
			isa = PBXGroup;
			children = (
			);
			path = Sections;
			sourceTree = "<group>";
		};
		9FF0EAAB1EDFA375003EE4F6 /* Vendors */ = {
			isa = PBXGroup;
			children = (
			);
			path = Vendors;
			sourceTree = "<group>";
		};
		9FF0EAB61EDFB43A003EE4F6 /* Frameworks */ = {
			isa = PBXGroup;
			children = (
				9FF0EAD31EDFB4D9003EE4F6 /* libc++.tbd */,
				9FF0EAD11EDFB4D0003EE4F6 /* libstdc++.6.0.9.tbd */,
				9FF0EACF1EDFB4C2003EE4F6 /* libz.tbd */,
				9FF0EACD1EDFB4BA003EE4F6 /* GLKit.framework */,
				9FF0EACB1EDFB4A9003EE4F6 /* JavaScriptCore.framework */,
				9FF0EAC91EDFB4A0003EE4F6 /* AdSupport.framework */,
				9FF0EAC71EDFB496003EE4F6 /* Security.framework */,
				9FF0EAC51EDFB48E003EE4F6 /* SystemConfiguration.framework */,
				9FF0EAC31EDFB485003EE4F6 /* CoreTelephony.framework */,
				9FF0EAC11EDFB479003EE4F6 /* CoreLocation.framework */,
				9FF0EABF1EDFB46D003EE4F6 /* QuartzCore.framework */,
				9FF0EABD1EDFB458003EE4F6 /* CoreGraphics.framework */,
				9FF0EABB1EDFB44F003EE4F6 /* Foundation.framework */,
				9FF0EAB91EDFB443003EE4F6 /* UIKit.framework */,
				9FF0EAB71EDFB43A003EE4F6 /* OpenGLES.framework */,
			);
			name = Frameworks;
			sourceTree = "<group>";
		};
/* End PBXGroup section */

/* Begin PBXNativeTarget section */
		9FF0EA741EDFA34A003EE4F6 /* Panda */ = {
			isa = PBXNativeTarget;
			buildConfigurationList = 9FF0EA9C1EDFA34A003EE4F6 /* Build configuration list for PBXNativeTarget "Panda" */;
			buildPhases = (
				9FF0EA711EDFA34A003EE4F6 /* Sources */,
				9FF0EA721EDFA34A003EE4F6 /* Frameworks */,
				9FF0EA731EDFA34A003EE4F6 /* Resources */,
			);
			buildRules = (
			);
			dependencies = (
			);
			name = Panda;
			productName = Panda;
			productReference = 9FF0EA751EDFA34A003EE4F6 /* Panda.app */;
			productType = "com.apple.product-type.application";
		};
		9FF0EA871EDFA34A003EE4F6 /* PandaTests */ = {
			isa = PBXNativeTarget;
			buildConfigurationList = 9FF0EA9F1EDFA34A003EE4F6 /* Build configuration list for PBXNativeTarget "PandaTests" */;
			buildPhases = (
				9FF0EA841EDFA34A003EE4F6 /* Sources */,
				9FF0EA851EDFA34A003EE4F6 /* Frameworks */,
				9FF0EA861EDFA34A003EE4F6 /* Resources */,
			);
			buildRules = (
			);
			dependencies = (
				9FF0EA8A1EDFA34A003EE4F6 /* PBXTargetDependency */,
			);
			name = PandaTests;
			productName = PandaTests;
			productReference = 9FF0EA881EDFA34A003EE4F6 /* PandaTests.xctest */;
			productType = "com.apple.product-type.bundle.unit-test";
		};
		9FF0EA921EDFA34A003EE4F6 /* PandaUITests */ = {
			isa = PBXNativeTarget;
			buildConfigurationList = 9FF0EAA21EDFA34A003EE4F6 /* Build configuration list for PBXNativeTarget "PandaUITests" */;
			buildPhases = (
				9FF0EA8F1EDFA34A003EE4F6 /* Sources */,
				9FF0EA901EDFA34A003EE4F6 /* Frameworks */,
				9FF0EA911EDFA34A003EE4F6 /* Resources */,
			);
			buildRules = (
			);
			dependencies = (
				9FF0EA951EDFA34A003EE4F6 /* PBXTargetDependency */,
			);
			name = PandaUITests;
			productName = PandaUITests;
			productReference = 9FF0EA931EDFA34A003EE4F6 /* PandaUITests.xctest */;
			productType = "com.apple.product-type.bundle.ui-testing";
		};
/* End PBXNativeTarget section */

/* Begin PBXProject section */
		9FF0EA6D1EDFA34A003EE4F6 /* Project object */ = {
			isa = PBXProject;
			attributes = {
				LastUpgradeCheck = 0820;
				ORGANIZATIONNAME = "街路口等你";
				TargetAttributes = {
					9FF0EA741EDFA34A003EE4F6 = {
						CreatedOnToolsVersion = 8.2.1;
						DevelopmentTeam = V2PRMX9B5Z;
						ProvisioningStyle = Automatic;
					};
					9FF0EA871EDFA34A003EE4F6 = {
						CreatedOnToolsVersion = 8.2.1;
						ProvisioningStyle = Automatic;
						TestTargetID = 9FF0EA741EDFA34A003EE4F6;
					};
					9FF0EA921EDFA34A003EE4F6 = {
						CreatedOnToolsVersion = 8.2.1;
						ProvisioningStyle = Automatic;
						TestTargetID = 9FF0EA741EDFA34A003EE4F6;
					};
				};
			};
			buildConfigurationList = 9FF0EA701EDFA34A003EE4F6 /* Build configuration list for PBXProject "Panda" */;
			compatibilityVersion = "Xcode 3.2";
			developmentRegion = English;
			hasScannedForEncodings = 0;
			knownRegions = (
				en,
				Base,
			);
			mainGroup = 9FF0EA6C1EDFA34A003EE4F6;
			productRefGroup = 9FF0EA761EDFA34A003EE4F6 /* Products */;
			projectDirPath = "";
			projectRoot = "";
			targets = (
				9FF0EA741EDFA34A003EE4F6 /* Panda */,
				9FF0EA871EDFA34A003EE4F6 /* PandaTests */,
				9FF0EA921EDFA34A003EE4F6 /* PandaUITests */,
			);
		};
/* End PBXProject section */

/* Begin PBXResourcesBuildPhase section */
		9FF0EA731EDFA34A003EE4F6 /* Resources */ = {
			isa = PBXResourcesBuildPhase;
			buildActionMask = 2147483647;
			files = (
				9FF0EADA1EDFB66C003EE4F6 /* AMapNavi.bundle in Resources */,
				9FF0EAB51EDFB416003EE4F6 /* AMap.bundle in Resources */,
				9FF0EA7F1EDFA34A003EE4F6 /* Assets.xcassets in Resources */,
				9FF0EA821EDFA34A003EE4F6 /* LaunchScreen.storyboard in Resources */,
			);
			runOnlyForDeploymentPostprocessing = 0;
		};
		9FF0EA861EDFA34A003EE4F6 /* Resources */ = {
			isa = PBXResourcesBuildPhase;
			buildActionMask = 2147483647;
			files = (
			);
			runOnlyForDeploymentPostprocessing = 0;
		};
		9FF0EA911EDFA34A003EE4F6 /* Resources */ = {
			isa = PBXResourcesBuildPhase;
			buildActionMask = 2147483647;
			files = (
			);
			runOnlyForDeploymentPostprocessing = 0;
		};
/* End PBXResourcesBuildPhase section */

/* Begin PBXSourcesBuildPhase section */
		9FF0EA711EDFA34A003EE4F6 /* Sources */ = {
			isa = PBXSourcesBuildPhase;
			buildActionMask = 2147483647;
			files = (
				9FF0EA7D1EDFA34A003EE4F6 /* AppDelegate.m in Sources */,
				9FF0EA7A1EDFA34A003EE4F6 /* main.m in Sources */,
			);
			runOnlyForDeploymentPostprocessing = 0;
		};
		9FF0EA841EDFA34A003EE4F6 /* Sources */ = {
			isa = PBXSourcesBuildPhase;
			buildActionMask = 2147483647;
			files = (
				9FF0EA8D1EDFA34A003EE4F6 /* PandaTests.m in Sources */,
			);
			runOnlyForDeploymentPostprocessing = 0;
		};
		9FF0EA8F1EDFA34A003EE4F6 /* Sources */ = {
			isa = PBXSourcesBuildPhase;
			buildActionMask = 2147483647;
			files = (
				9FF0EA981EDFA34A003EE4F6 /* PandaUITests.m in Sources */,
			);
			runOnlyForDeploymentPostprocessing = 0;
		};
/* End PBXSourcesBuildPhase section */

/* Begin PBXTargetDependency section */
		9FF0EA8A1EDFA34A003EE4F6 /* PBXTargetDependency */ = {
			isa = PBXTargetDependency;
			target = 9FF0EA741EDFA34A003EE4F6 /* Panda */;
			targetProxy = 9FF0EA891EDFA34A003EE4F6 /* PBXContainerItemProxy */;
		};
		9FF0EA951EDFA34A003EE4F6 /* PBXTargetDependency */ = {
			isa = PBXTargetDependency;
			target = 9FF0EA741EDFA34A003EE4F6 /* Panda */;
			targetProxy = 9FF0EA941EDFA34A003EE4F6 /* PBXContainerItemProxy */;
		};
/* End PBXTargetDependency section */

/* Begin PBXVariantGroup section */
		9FF0EA801EDFA34A003EE4F6 /* LaunchScreen.storyboard */ = {
			isa = PBXVariantGroup;
			children = (
				9FF0EA811EDFA34A003EE4F6 /* Base */,
			);
			name = LaunchScreen.storyboard;
			sourceTree = "<group>";
		};
/* End PBXVariantGroup section */

/* Begin XCBuildConfiguration section */
		9FF0EA9A1EDFA34A003EE4F6 /* Debug */ = {
			isa = XCBuildConfiguration;
			buildSettings = {
				ALWAYS_SEARCH_USER_PATHS = NO;
				CLANG_ANALYZER_NONNULL = YES;
				CLANG_CXX_LANGUAGE_STANDARD = "gnu++0x";
				CLANG_CXX_LIBRARY = "libc++";
				CLANG_ENABLE_MODULES = YES;
				CLANG_ENABLE_OBJC_ARC = YES;
				CLANG_WARN_BOOL_CONVERSION = YES;
				CLANG_WARN_CONSTANT_CONVERSION = YES;
				CLANG_WARN_DIRECT_OBJC_ISA_USAGE = YES_ERROR;
				CLANG_WARN_DOCUMENTATION_COMMENTS = YES;
				CLANG_WARN_EMPTY_BODY = YES;
				CLANG_WARN_ENUM_CONVERSION = YES;
				CLANG_WARN_INFINITE_RECURSION = YES;
				CLANG_WARN_INT_CONVERSION = YES;
				CLANG_WARN_OBJC_ROOT_CLASS = YES_ERROR;
				CLANG_WARN_SUSPICIOUS_MOVE = YES;
				CLANG_WARN_UNREACHABLE_CODE = YES;
				CLANG_WARN__DUPLICATE_METHOD_MATCH = YES;
				"CODE_SIGN_IDENTITY[sdk=iphoneos*]" = "iPhone Developer";
				COPY_PHASE_STRIP = NO;
				DEBUG_INFORMATION_FORMAT = dwarf;
				ENABLE_STRICT_OBJC_MSGSEND = YES;
				ENABLE_TESTABILITY = YES;
				GCC_C_LANGUAGE_STANDARD = gnu99;
				GCC_DYNAMIC_NO_PIC = NO;
				GCC_NO_COMMON_BLOCKS = YES;
				GCC_OPTIMIZATION_LEVEL = 0;
				GCC_PREPROCESSOR_DEFINITIONS = (
					"DEBUG=1",
					"$(inherited)",
				);
				GCC_WARN_64_TO_32_BIT_CONVERSION = YES;
				GCC_WARN_ABOUT_RETURN_TYPE = YES_ERROR;
				GCC_WARN_UNDECLARED_SELECTOR = YES;
				GCC_WARN_UNINITIALIZED_AUTOS = YES_AGGRESSIVE;
				GCC_WARN_UNUSED_FUNCTION = YES;
				GCC_WARN_UNUSED_VARIABLE = YES;
				IPHONEOS_DEPLOYMENT_TARGET = 10.2;
				MTL_ENABLE_DEBUG_INFO = YES;
				ONLY_ACTIVE_ARCH = YES;
				SDKROOT = iphoneos;
				TARGETED_DEVICE_FAMILY = "1,2";
			};
			name = Debug;
		};
		9FF0EA9B1EDFA34A003EE4F6 /* Release */ = {
			isa = XCBuildConfiguration;
			buildSettings = {
				ALWAYS_SEARCH_USER_PATHS = NO;
				CLANG_ANALYZER_NONNULL = YES;
				CLANG_CXX_LANGUAGE_STANDARD = "gnu++0x";
				CLANG_CXX_LIBRARY = "libc++";
				CLANG_ENABLE_MODULES = YES;
				CLANG_ENABLE_OBJC_ARC = YES;
				CLANG_WARN_BOOL_CONVERSION = YES;
				CLANG_WARN_CONSTANT_CONVERSION = YES;
				CLANG_WARN_DIRECT_OBJC_ISA_USAGE = YES_ERROR;
				CLANG_WARN_DOCUMENTATION_COMMENTS = YES;
				CLANG_WARN_EMPTY_BODY = YES;
				CLANG_WARN_ENUM_CONVERSION = YES;
				CLANG_WARN_INFINITE_RECURSION = YES;
				CLANG_WARN_INT_CONVERSION = YES;
				CLANG_WARN_OBJC_ROOT_CLASS = YES_ERROR;
				CLANG_WARN_SUSPICIOUS_MOVE = YES;
				CLANG_WARN_UNREACHABLE_CODE = YES;
				CLANG_WARN__DUPLICATE_METHOD_MATCH = YES;
				"CODE_SIGN_IDENTITY[sdk=iphoneos*]" = "iPhone Developer";
				COPY_PHASE_STRIP = NO;
				DEBUG_INFORMATION_FORMAT = "dwarf-with-dsym";
				ENABLE_NS_ASSERTIONS = NO;
				ENABLE_STRICT_OBJC_MSGSEND = YES;
				GCC_C_LANGUAGE_STANDARD = gnu99;
				GCC_NO_COMMON_BLOCKS = YES;
				GCC_WARN_64_TO_32_BIT_CONVERSION = YES;
				GCC_WARN_ABOUT_RETURN_TYPE = YES_ERROR;
				GCC_WARN_UNDECLARED_SELECTOR = YES;
				GCC_WARN_UNINITIALIZED_AUTOS = YES_AGGRESSIVE;
				GCC_WARN_UNUSED_FUNCTION = YES;
				GCC_WARN_UNUSED_VARIABLE = YES;
				IPHONEOS_DEPLOYMENT_TARGET = 10.2;
				MTL_ENABLE_DEBUG_INFO = NO;
				SDKROOT = iphoneos;
				TARGETED_DEVICE_FAMILY = "1,2";
				VALIDATE_PRODUCT = YES;
			};
			name = Release;
		};
		9FF0EA9D1EDFA34A003EE4F6 /* Debug */ = {
			isa = XCBuildConfiguration;
			buildSettings = {
				ASSETCATALOG_COMPILER_APPICON_NAME = AppIcon;
				DEVELOPMENT_TEAM = V2PRMX9B5Z;
				FRAMEWORK_SEARCH_PATHS = (
					"$(inherited)",
					"$(PROJECT_DIR)/Panda/Frameworks",
				);
				INFOPLIST_FILE = Panda/Info.plist;
				IPHONEOS_DEPLOYMENT_TARGET = 10.2;
				LD_RUNPATH_SEARCH_PATHS = "$(inherited) @executable_path/Frameworks";
				PRODUCT_BUNDLE_IDENTIFIER = "com.wait-foryou.Panda";
				PRODUCT_NAME = "$(TARGET_NAME)";
			};
			name = Debug;
		};
		9FF0EA9E1EDFA34A003EE4F6 /* Release */ = {
			isa = XCBuildConfiguration;
			buildSettings = {
				ASSETCATALOG_COMPILER_APPICON_NAME = AppIcon;
				DEVELOPMENT_TEAM = V2PRMX9B5Z;
				FRAMEWORK_SEARCH_PATHS = (
					"$(inherited)",
					"$(PROJECT_DIR)/Panda/Frameworks",
				);
				INFOPLIST_FILE = Panda/Info.plist;
				IPHONEOS_DEPLOYMENT_TARGET = 10.2;
				LD_RUNPATH_SEARCH_PATHS = "$(inherited) @executable_path/Frameworks";
				PRODUCT_BUNDLE_IDENTIFIER = "com.wait-foryou.Panda";
				PRODUCT_NAME = "$(TARGET_NAME)";
			};
			name = Release;
		};
		9FF0EAA01EDFA34A003EE4F6 /* Debug */ = {
			isa = XCBuildConfiguration;
			buildSettings = {
				BUNDLE_LOADER = "$(TEST_HOST)";
				INFOPLIST_FILE = PandaTests/Info.plist;
				LD_RUNPATH_SEARCH_PATHS = "$(inherited) @executable_path/Frameworks @loader_path/Frameworks";
				PRODUCT_BUNDLE_IDENTIFIER = "com.wait-foryou.PandaTests";
				PRODUCT_NAME = "$(TARGET_NAME)";
				TEST_HOST = "$(BUILT_PRODUCTS_DIR)/Panda.app/Panda";
			};
			name = Debug;
		};
		9FF0EAA11EDFA34A003EE4F6 /* Release */ = {
			isa = XCBuildConfiguration;
			buildSettings = {
				BUNDLE_LOADER = "$(TEST_HOST)";
				INFOPLIST_FILE = PandaTests/Info.plist;
				LD_RUNPATH_SEARCH_PATHS = "$(inherited) @executable_path/Frameworks @loader_path/Frameworks";
				PRODUCT_BUNDLE_IDENTIFIER = "com.wait-foryou.PandaTests";
				PRODUCT_NAME = "$(TARGET_NAME)";
				TEST_HOST = "$(BUILT_PRODUCTS_DIR)/Panda.app/Panda";
			};
			name = Release;
		};
		9FF0EAA31EDFA34A003EE4F6 /* Debug */ = {
			isa = XCBuildConfiguration;
			buildSettings = {
				INFOPLIST_FILE = PandaUITests/Info.plist;
				LD_RUNPATH_SEARCH_PATHS = "$(inherited) @executable_path/Frameworks @loader_path/Frameworks";
				PRODUCT_BUNDLE_IDENTIFIER = "com.wait-foryou.PandaUITests";
				PRODUCT_NAME = "$(TARGET_NAME)";
				TEST_TARGET_NAME = Panda;
			};
			name = Debug;
		};
		9FF0EAA41EDFA34A003EE4F6 /* Release */ = {
			isa = XCBuildConfiguration;
			buildSettings = {
				INFOPLIST_FILE = PandaUITests/Info.plist;
				LD_RUNPATH_SEARCH_PATHS = "$(inherited) @executable_path/Frameworks @loader_path/Frameworks";
				PRODUCT_BUNDLE_IDENTIFIER = "com.wait-foryou.PandaUITests";
				PRODUCT_NAME = "$(TARGET_NAME)";
				TEST_TARGET_NAME = Panda;
			};
			name = Release;
		};
/* End XCBuildConfiguration section */

/* Begin XCConfigurationList section */
		9FF0EA701EDFA34A003EE4F6 /* Build configuration list for PBXProject "Panda" */ = {
			isa = XCConfigurationList;
			buildConfigurations = (
				9FF0EA9A1EDFA34A003EE4F6 /* Debug */,
				9FF0EA9B1EDFA34A003EE4F6 /* Release */,
			);
			defaultConfigurationIsVisible = 0;
			defaultConfigurationName = Release;
		};
		9FF0EA9C1EDFA34A003EE4F6 /* Build configuration list for PBXNativeTarget "Panda" */ = {
			isa = XCConfigurationList;
			buildConfigurations = (
				9FF0EA9D1EDFA34A003EE4F6 /* Debug */,
				9FF0EA9E1EDFA34A003EE4F6 /* Release */,
			);
			defaultConfigurationIsVisible = 0;
			defaultConfigurationName = Release;
		};
		9FF0EA9F1EDFA34A003EE4F6 /* Build configuration list for PBXNativeTarget "PandaTests" */ = {
			isa = XCConfigurationList;
			buildConfigurations = (
				9FF0EAA01EDFA34A003EE4F6 /* Debug */,
				9FF0EAA11EDFA34A003EE4F6 /* Release */,
			);
			defaultConfigurationIsVisible = 0;
			defaultConfigurationName = Release;
		};
		9FF0EAA21EDFA34A003EE4F6 /* Build configuration list for PBXNativeTarget "PandaUITests" */ = {
			isa = XCConfigurationList;
			buildConfigurations = (
				9FF0EAA31EDFA34A003EE4F6 /* Debug */,
				9FF0EAA41EDFA34A003EE4F6 /* Release */,
			);
			defaultConfigurationIsVisible = 0;
			defaultConfigurationName = Release;
		};
/* End XCConfigurationList section */
	};
	rootObject = 9FF0EA6D1EDFA34A003EE4F6 /* Project object */;
}
